
Microsoft Visual Studio Solution File, Format Version 12.00
# Visual Studio Version 17
VisualStudioVersion = 17.12.35707.178
MinimumVisualStudioVersion = 10.0.40219.1
Project("{9A19103F-16F7-4668-BE54-9A1E7A4F7556}") = "Delegate-Nullable-Types", "Delegate-Nullable-Types\Delegate-Nullable-Types.csproj", "{979A894F-E941-4F94-9011-738F235AE6C3}"
EndProject
Project("{9A19103F-16F7-4668-BE54-9A1E7A4F7556}") = "Utils", "Utils\Utils.csproj", "{F58CFF0C-A989-49D5-81AD-D027DA4E2F8A}"
EndProject
Global
	GlobalSection(SolutionConfigurationPlatforms) = preSolution
		Debug|Any CPU = Debug|Any CPU
		Release|Any CPU = Release|Any CPU
	EndGlobalSection
	GlobalSection(ProjectConfigurationPlatforms) = postSolution
		{979A894F-E941-4F94-9011-738F235AE6C3}.Debug|Any CPU.ActiveCfg = Debug|Any CPU
		{979A894F-E941-4F94-9011-738F235AE6C3}.Debug|Any CPU.Build.0 = Debug|Any CPU
		{979A894F-E941-4F94-9011-738F235AE6C3}.Release|Any CPU.ActiveCfg = Release|Any CPU
		{979A894F-E941-4F94-9011-738F235AE6C3}.Release|Any CPU.Build.0 = Release|Any CPU
		{F58CFF0C-A989-49D5-81AD-D027DA4E2F8A}.Debug|Any CPU.ActiveCfg = Debug|Any CPU
		{F58CFF0C-A989-49D5-81AD-D027DA4E2F8A}.Debug|Any CPU.Build.0 = Debug|Any CPU
		{F58CFF0C-A989-49D5-81AD-D027DA4E2F8A}.Release|Any CPU.ActiveCfg = Release|Any CPU
		{F58CFF0C-A989-49D5-81AD-D027DA4E2F8A}.Release|Any CPU.Build.0 = Release|Any CPU
	EndGlobalSection
	GlobalSection(SolutionProperties) = preSolution
		HideSolutionNode = FALSE
	EndGlobalSection
	GlobalSection(ExtensibilityGlobals) = postSolution
		SolutionGuid = {F95EEE07-480D-4467-976E-C1374D5AA8F5}
	EndGlobalSection
EndGlobal
